Microsoft Visual Studio Solution File, Format Version 11.00
# Visual Studio 2008

Project("{76BBE0AA-3F25-BC65-D338-9DCC0B5DD402}") = "dal_dev.0.01", "Assembly-CSharp.csproj", "{010056F5-AB2F-8D47-D8BD-7A83B6EA4707}"
EndProject
Global
	GlobalSection(SolutionConfigurationPlatforms) = preSolution
		Debug|Any CPU = Debug|Any CPU
		Release|Any CPU = Release|Any CPU
	EndGlobalSection
	GlobalSection(ProjectConfigurationPlatforms) = postSolution
		{010056F5-AB2F-8D47-D8BD-7A83B6EA4707}.Debug|Any CPU.ActiveCfg = Debug|Any CPU
		{010056F5-AB2F-8D47-D8BD-7A83B6EA4707}.Debug|Any CPU.Build.0 = Debug|Any CPU
		{010056F5-AB2F-8D47-D8BD-7A83B6EA4707}.Release|Any CPU.ActiveCfg = Release|Any CPU
		{010056F5-AB2F-8D47-D8BD-7A83B6EA4707}.Release|Any CPU.Build.0 = Release|Any CPU
	EndGlobalSection
	GlobalSection(SolutionProperties) = preSolution
		HideSolutionNode = FALSE
	EndGlobalSection
	GlobalSection(MonoDevelopProperties) = preSolution
		StartupItem = Assembly-CSharp.csproj
	EndGlobalSection
EndGlobal
