Microsoft Visual Studio Solution File, Format Version 11.00
# Visual Studio 2008

Project("{255D57B7-6E88-95EF-29BA-A162AC9FA437}") = "Darwin's Artificial Life", "Assembly-CSharp.csproj", "{F40EF796-84FC-3F3B-9AAE-87365AC47408}"
EndProject
Global
	GlobalSection(SolutionConfigurationPlatforms) = preSolution
		Debug|Any CPU = Debug|Any CPU
		Release|Any CPU = Release|Any CPU
	EndGlobalSection
	GlobalSection(ProjectConfigurationPlatforms) = postSolution
		{F40EF796-84FC-3F3B-9AAE-87365AC47408}.Debug|Any CPU.ActiveCfg = Debug|Any CPU
		{F40EF796-84FC-3F3B-9AAE-87365AC47408}.Debug|Any CPU.Build.0 = Debug|Any CPU
		{F40EF796-84FC-3F3B-9AAE-87365AC47408}.Release|Any CPU.ActiveCfg = Release|Any CPU
		{F40EF796-84FC-3F3B-9AAE-87365AC47408}.Release|Any CPU.Build.0 = Release|Any CPU
	EndGlobalSection
	GlobalSection(SolutionProperties) = preSolution
		HideSolutionNode = FALSE
	EndGlobalSection
	GlobalSection(MonoDevelopProperties) = preSolution
		StartupItem = Assembly-CSharp.csproj
	EndGlobalSection
EndGlobal
