
Microsoft Visual Studio Solution File, Format Version 12.00
# Visual Studio 2015
Project("{FAE04EC0-301F-11D3-BF4B-00C04F79EFBC}") = "dal_dev.0.01", "dal_dev.0.01.csproj", "{9539BD9E-9ADD-5F2A-CA39-EF756C264893}"
EndProject
Global
	GlobalSection(SolutionConfigurationPlatforms) = preSolution
		Debug|Any CPU = Debug|Any CPU
		Release|Any CPU = Release|Any CPU
	EndGlobalSection
	GlobalSection(ProjectConfigurationPlatforms) = postSolution
		{9539BD9E-9ADD-5F2A-CA39-EF756C264893}.Debug|Any CPU.ActiveCfg = Debug|Any CPU
		{9539BD9E-9ADD-5F2A-CA39-EF756C264893}.Debug|Any CPU.Build.0 = Debug|Any CPU
		{9539BD9E-9ADD-5F2A-CA39-EF756C264893}.Release|Any CPU.ActiveCfg = Release|Any CPU
		{9539BD9E-9ADD-5F2A-CA39-EF756C264893}.Release|Any CPU.Build.0 = Release|Any CPU
	EndGlobalSection
	GlobalSection(SolutionProperties) = preSolution
		HideSolutionNode = FALSE
	EndGlobalSection
EndGlobal
